<?xml version="1.0" encoding="utf-8"?>
<Project ToolsVersion="4.0" xmlns="http://schemas.microsoft.com/developer/msbuild/2003">
  <ItemGroup>
    <Filter Include="Source Files">
      <UniqueIdentifier>{4FC737F1-C7A5-4376-A066-2A32D752A2FF}</UniqueIdentifier>
      <Extensions>cpp;c;cc;cxx;def;odl;idl;hpj;bat;asm;asmx</Extensions>
    </Filter>
    <Filter Include="Header Files">
      <UniqueIdentifier>{93995380-89BD-4b04-88EB-625FBE52EBFB}</UniqueIdentifier>
      <Extensions>h;hh;hpp;hxx;hm;inl;inc;ipp;xsd</Extensions>
    </Filter>
    <Filter Include="Resource Files">
      <UniqueIdentifier>{67DA6AB6-F800-4c08-8B7A-83BB121AAD01}</UniqueIdentifier>
      <Extensions>rc;ico;cur;bmp;dlg;rc2;rct;bin;rgs;gif;jpg;jpeg;jpe;resx;tiff;tif;png;wav;mfcribbon-ms</Extensions>
    </Filter>
    <Filter Include="Header Files\Systems">
      <UniqueIdentifier>{1b96ff1d-31cc-4880-9345-1ac198b9a214}</UniqueIdentifier>
    </Filter>
    <Filter Include="Header Files\Components">
      <UniqueIdentifier>{640fdbc7-94d5-4545-9d82-99c1334d3790}</UniqueIdentifier>
    </Filter>
    <Filter Include="Header Files\DataStructs">
      <UniqueIdentifier>{dba05fbf-7d91-4254-a26b-cd8a86f5f30a}</UniqueIdentifier>
    </Filter>
    <Filter Include="Header Files\HelperClasses">
      <UniqueIdentifier>{1b29854e-f510-4382-8281-9e387c41ac8f}</UniqueIdentifier>
    </Filter>
    <Filter Include="Header Files\KodeboldsMath">
      <UniqueIdentifier>{0df2e612-efe1-4d67-bf7a-2562ae8d91ac}</UniqueIdentifier>
    </Filter>
    <Filter Include="Header Files\Managers">
      <UniqueIdentifier>{c392134e-1417-4521-892b-000b722ea8c0}</UniqueIdentifier>
    </Filter>
    <Filter Include="Source Files\Components">
      <UniqueIdentifier>{82879483-6141-46cc-8cd6-f917338fd7b0}</UniqueIdentifier>
    </Filter>
    <Filter Include="Source Files\HelperClasses">
      <UniqueIdentifier>{00521bd0-642a-45d9-b76d-2b406f38d627}</UniqueIdentifier>
    </Filter>
    <Filter Include="Source Files\KodeboldsMath">
      <UniqueIdentifier>{1bbf8d4f-0ffa-4c70-9fcd-dacffe6d5494}</UniqueIdentifier>
    </Filter>
    <Filter Include="Source Files\Managers">
      <UniqueIdentifier>{24b5a5fb-846d-4b51-9de9-ccff82b59193}</UniqueIdentifier>
    </Filter>
    <Filter Include="Source Files\Systems">
      <UniqueIdentifier>{2cca83db-1531-4d51-89d2-cbda4aa0d100}</UniqueIdentifier>
    </Filter>
  </ItemGroup>
  <ItemGroup>
    <ClCompile Include="Source Files\KodeBoldsMath\Matrix4.cpp">
      <Filter>Source Files\KodeboldsMath</Filter>
    </ClCompile>
    <ClCompile Include="Source Files\KodeBoldsMath\Vector4.cpp">
      <Filter>Source Files\KodeboldsMath</Filter>
    </ClCompile>
    <ClCompile Include="Source Files\HelperClasses\ObjLoader.cpp">
      <Filter>Source Files\HelperClasses</Filter>
    </ClCompile>
    <ClCompile Include="Source Files\HelperClasses\ShaderObject_DX.cpp">
      <Filter>Source Files\HelperClasses</Filter>
    </ClCompile>
    <ClCompile Include="Source Files\HelperClasses\TextureObject_DX.cpp">
      <Filter>Source Files\HelperClasses</Filter>
    </ClCompile>
    <ClCompile Include="Source Files\HelperClasses\VBO.cpp">
      <Filter>Source Files\HelperClasses</Filter>
    </ClCompile>
    <ClCompile Include="Source Files\HelperClasses\VBO_DX.cpp">
      <Filter>Source Files\HelperClasses</Filter>
    </ClCompile>
    <ClCompile Include="Source Files\Managers\ResourceManager.cpp">
      <Filter>Source Files\Managers</Filter>
    </ClCompile>
    <ClCompile Include="Source Files\Managers\SceneManager.cpp">
      <Filter>Source Files\Managers</Filter>
    </ClCompile>
    <ClCompile Include="Source Files\Managers\ECSManager.cpp">
      <Filter>Source Files\Managers</Filter>
    </ClCompile>
    <ClCompile Include="Source Files\Systems\RenderSystem.cpp">
      <Filter>Source Files\Systems</Filter>
    </ClCompile>
    <ClCompile Include="Source Files\Systems\RenderSystem_DX.cpp">
      <Filter>Source Files\Systems</Filter>
    </ClCompile>
    <ClCompile Include="Source Files\Systems\MovementSystem.cpp">
      <Filter>Source Files\Systems</Filter>
    </ClCompile>
    <ClCompile Include="Source Files\Managers\InputManager.cpp">
      <Filter>Source Files\Managers</Filter>
    </ClCompile>
    <ClCompile Include="Source Files\Managers\InputManager_DX.cpp">
      <Filter>Source Files\Managers</Filter>
    </ClCompile>
    <ClCompile Include="Source Files\KodeBoldsMath\Vector2.cpp">
      <Filter>Source Files\KodeboldsMath</Filter>
    </ClCompile>
    <ClCompile Include="Source Files\KodeBoldsMath\Vector3.cpp">
      <Filter>Source Files\KodeboldsMath</Filter>
    </ClCompile>
    <ClCompile Include="Source Files\Managers\AntTweakManager.cpp">
      <Filter>Source Files\Managers</Filter>
    </ClCompile>
    <ClCompile Include="Source Files\Managers\ThreadMananger.cpp">
      <Filter>Source Files\Managers</Filter>
    </ClCompile>
    <ClCompile Include="Source Files\HelperClasses\Thread.cpp">
      <Filter>Source Files\HelperClasses</Filter>
    </ClCompile>
    <ClCompile Include="Source Files\HelperClasses\Task.cpp">
      <Filter>Source Files\HelperClasses</Filter>
    </ClCompile>
    <ClCompile Include="Source Files\Managers\NetworkManager.cpp">
      <Filter>Source Files\Managers</Filter>
    </ClCompile>
    <ClCompile Include="Source Files\HelperClasses\SocketListener.cpp">
      <Filter>Source Files\HelperClasses</Filter>
    </ClCompile>
    <ClCompile Include="Source Files\HelperClasses\SocketStreamer.cpp">
      <Filter>Source Files\HelperClasses</Filter>
    </ClCompile>
    <ClCompile Include="Source Files\HelperClasses\IPAddress.cpp">
      <Filter>Source Files\HelperClasses</Filter>
    </ClCompile>
    <ClCompile Include="Source Files\HelperClasses\Socket.cpp">
      <Filter>Source Files\HelperClasses</Filter>
    </ClCompile>
    <ClCompile Include="Source Files\HelperClasses\FrequencyValues.cpp">
      <Filter>Source Files\HelperClasses</Filter>
    </ClCompile>
  </ItemGroup>
  <ItemGroup>
    <ClInclude Include="Header Files\Components\Audio.h">
      <Filter>Header Files\Components</Filter>
    </ClInclude>
    <ClInclude Include="Header Files\Components\BoxCollider.h">
      <Filter>Header Files\Components</Filter>
    </ClInclude>
    <ClInclude Include="Header Files\Components\Camera.h">
      <Filter>Header Files\Components</Filter>
    </ClInclude>
    <ClInclude Include="Header Files\Components\Components.h">
      <Filter>Header Files\Components</Filter>
    </ClInclude>
    <ClInclude Include="Header Files\Components\ComponentType.h">
      <Filter>Header Files\Components</Filter>
    </ClInclude>
    <ClInclude Include="Header Files\Components\Geometry.h">
      <Filter>Header Files\Components</Filter>
    </ClInclude>
    <ClInclude Include="Header Files\Components\Gravity.h">
      <Filter>Header Files\Components</Filter>
    </ClInclude>
    <ClInclude Include="Header Files\Components\Light.h">
      <Filter>Header Files\Components</Filter>
    </ClInclude>
    <ClInclude Include="Header Files\Components\Shader.h">
      <Filter>Header Files\Components</Filter>
    </ClInclude>
    <ClInclude Include="Header Files\Components\SphereCollider.h">
      <Filter>Header Files\Components</Filter>
    </ClInclude>
    <ClInclude Include="Header Files\Components\Texture.h">
      <Filter>Header Files\Components</Filter>
    </ClInclude>
    <ClInclude Include="Header Files\Components\Transform.h">
      <Filter>Header Files\Components</Filter>
    </ClInclude>
    <ClInclude Include="Header Files\Components\Velocity.h">
      <Filter>Header Files\Components</Filter>
    </ClInclude>
    <ClInclude Include="Header Files\Components\AI.h">
      <Filter>Header Files\Components</Filter>
    </ClInclude>
    <ClInclude Include="Header Files\DataStructs\BlendState.h">
      <Filter>Header Files\DataStructs</Filter>
    </ClInclude>
    <ClInclude Include="Header Files\DataStructs\CullState.h">
      <Filter>Header Files\DataStructs</Filter>
    </ClInclude>
    <ClInclude Include="Header Files\DataStructs\DepthState.h">
      <Filter>Header Files\DataStructs</Filter>
    </ClInclude>
    <ClInclude Include="Header Files\DataStructs\Entity.h">
      <Filter>Header Files\DataStructs</Filter>
    </ClInclude>
    <ClInclude Include="Header Files\DataStructs\Vertex.h">
      <Filter>Header Files\DataStructs</Filter>
    </ClInclude>
    <ClInclude Include="Header Files\HelperClasses\Scene.h">
      <Filter>Header Files\HelperClasses</Filter>
    </ClInclude>
    <ClInclude Include="Header Files\HelperClasses\ShaderObject.h">
      <Filter>Header Files\HelperClasses</Filter>
    </ClInclude>
    <ClInclude Include="Header Files\HelperClasses\ShaderObject_DX.h">
      <Filter>Header Files\HelperClasses</Filter>
    </ClInclude>
    <ClInclude Include="Header Files\HelperClasses\TextureObject.h">
      <Filter>Header Files\HelperClasses</Filter>
    </ClInclude>
    <ClInclude Include="Header Files\HelperClasses\TextureObject_DX.h">
      <Filter>Header Files\HelperClasses</Filter>
    </ClInclude>
    <ClInclude Include="Header Files\HelperClasses\VBO.h">
      <Filter>Header Files\HelperClasses</Filter>
    </ClInclude>
    <ClInclude Include="Header Files\HelperClasses\VBO_DX.h">
      <Filter>Header Files\HelperClasses</Filter>
    </ClInclude>
    <ClInclude Include="Header Files\HelperClasses\ObjLoader.h">
      <Filter>Header Files\HelperClasses</Filter>
    </ClInclude>
    <ClInclude Include="Header Files\KodeBoldsMath\KodeBoldsMath.h">
      <Filter>Header Files\KodeboldsMath</Filter>
    </ClInclude>
    <ClInclude Include="Header Files\KodeBoldsMath\Matrix4.h">
      <Filter>Header Files\KodeboldsMath</Filter>
    </ClInclude>
    <ClInclude Include="Header Files\KodeBoldsMath\Vector4.h">
      <Filter>Header Files\KodeboldsMath</Filter>
    </ClInclude>
    <ClInclude Include="Header Files\Managers\ECSManager.h">
      <Filter>Header Files\Managers</Filter>
    </ClInclude>
    <ClInclude Include="Header Files\Managers\Managers.h">
      <Filter>Header Files\Managers</Filter>
    </ClInclude>
    <ClInclude Include="Header Files\Managers\ResourceManager.h">
      <Filter>Header Files\Managers</Filter>
    </ClInclude>
    <ClInclude Include="Header Files\Managers\SceneManager.h">
      <Filter>Header Files\Managers</Filter>
    </ClInclude>
    <ClInclude Include="Header Files\Systems\RenderSystem.h">
      <Filter>Header Files\Systems</Filter>
    </ClInclude>
    <ClInclude Include="Header Files\Systems\RenderSystem_DX.h">
      <Filter>Header Files\Systems</Filter>
    </ClInclude>
    <ClInclude Include="Header Files\Systems\Systems.h">
      <Filter>Header Files\Systems</Filter>
    </ClInclude>
    <ClInclude Include="Header Files\Systems\ISystem.h">
      <Filter>Header Files\Systems</Filter>
    </ClInclude>
    <ClInclude Include="Header Files\Systems\MovementSystem.h">
      <Filter>Header Files\Systems</Filter>
    </ClInclude>
    <ClInclude Include="Header Files\Managers\InputManager.h">
      <Filter>Header Files\Managers</Filter>
    </ClInclude>
    <ClInclude Include="Header Files\Components\Instance.h">
      <Filter>Header Files\Components</Filter>
    </ClInclude>
    <ClInclude Include="Header Files\Managers\InputManager_DX.h">
      <Filter>Header Files\Managers</Filter>
    </ClInclude>
    <ClInclude Include="Header Files\KodeBoldsMath\Vector2.h">
      <Filter>Header Files\KodeboldsMath</Filter>
    </ClInclude>
    <ClInclude Include="Header Files\KodeBoldsMath\Vector3.h">
      <Filter>Header Files\KodeboldsMath</Filter>
    </ClInclude>
    <ClInclude Include="Header Files\Components\RayCollider.h">
      <Filter>Header Files\Components</Filter>
    </ClInclude>
    <ClInclude Include="Header Files\Components\Collision.h">
      <Filter>Header Files\Components</Filter>
    </ClInclude>
    <ClInclude Include="Header Files\Components\Colour.h">
      <Filter>Header Files\Components</Filter>
    </ClInclude>
    <ClInclude Include="Header Files\HelperClasses\VBO_GL.h">
      <Filter>Header Files\HelperClasses</Filter>
    </ClInclude>
    <ClInclude Include="Header Files\Systems\RenderSystem_GL.h">
      <Filter>Header Files\Systems</Filter>
    </ClInclude>
    <ClInclude Include="Header Files\HelperClasses\ShaderObject_GL.h">
      <Filter>Header Files\HelperClasses</Filter>
    </ClInclude>
    <ClInclude Include="Header Files\HelperClasses\TextureObject_GL.h">
      <Filter>Header Files\HelperClasses</Filter>
    </ClInclude>
    <ClInclude Include="Header Files\Managers\InputManager_GL.h">
      <Filter>Header Files\Managers</Filter>
    </ClInclude>
    <ClInclude Include="Header Files\Managers\ThreadManager.h">
      <Filter>Header Files\Managers</Filter>
    </ClInclude>
    <ClInclude Include="Header Files\Managers\AntTweakManager.h">
      <Filter>Header Files\Managers</Filter>
    </ClInclude>
    <ClInclude Include="Header Files\HelperClasses\Thread.h">
      <Filter>Header Files\HelperClasses</Filter>
    </ClInclude>
    <ClInclude Include="Header Files\HelperClasses\Task.h">
      <Filter>Header Files\HelperClasses</Filter>
    </ClInclude>
    <ClInclude Include="Header Files\Managers\NetworkManager.h">
      <Filter>Header Files\Managers</Filter>
    </ClInclude>
    <ClInclude Include="Header Files\HelperClasses\Socket.h">
      <Filter>Header Files\HelperClasses</Filter>
    </ClInclude>
    <ClInclude Include="Header Files\HelperClasses\SocketListener.h">
      <Filter>Header Files\HelperClasses</Filter>
    </ClInclude>
    <ClInclude Include="Header Files\HelperClasses\SocketStreamer.h">
      <Filter>Header Files\HelperClasses</Filter>
    </ClInclude>
    <ClInclude Include="Header Files\HelperClasses\IPAddress.h">
      <Filter>Header Files\HelperClasses</Filter>
    </ClInclude>
    <ClInclude Include="Header Files\Components\Weight.h">
      <Filter>Header Files\Components</Filter>
    </ClInclude>
    <ClInclude Include="Header Files\HelperClasses\FrequencyValues.h">
      <Filter>Header Files\HelperClasses</Filter>
    </ClInclude>
  </ItemGroup>
  <ItemGroup>
    <None Include="packages.config" />
  </ItemGroup>
</Project>